
Microsoft Visual Studio Solution File, Format Version 12.00
# Visual Studio 2012
Project("{FAE04EC0-301F-11D3-BF4B-00C04F79EFBC}") = "LayoutExample", "LayoutExample\LayoutExample.csproj", "{F85666C1-4A8D-46A8-91EF-211814F70380}"
EndProject
Project("{FAE04EC0-301F-11D3-BF4B-00C04F79EFBC}") = "LayoutExample.iOS", "iOS\LayoutExample.iOS.csproj", "{81C0CD12-0CCC-44CD-BD5E-53A3A9319A38}"
EndProject
Project("{FAE04EC0-301F-11D3-BF4B-00C04F79EFBC}") = "LayoutExample.Droid", "Droid\LayoutExample.Droid.csproj", "{C8C98CB8-3BDC-446D-8113-086EF21C1FD7}"
EndProject
Global
	GlobalSection(SolutionConfigurationPlatforms) = preSolution
		Debug|Any CPU = Debug|Any CPU
		Release|Any CPU = Release|Any CPU
		Debug|iPhoneSimulator = Debug|iPhoneSimulator
		Release|iPhone = Release|iPhone
		Release|iPhoneSimulator = Release|iPhoneSimulator
		Debug|iPhone = Debug|iPhone
	EndGlobalSection
	GlobalSection(ProjectConfigurationPlatforms) = postSolution
		{81C0CD12-0CCC-44CD-BD5E-53A3A9319A38}.Debug|Any CPU.ActiveCfg = Debug|iPhoneSimulator
		{81C0CD12-0CCC-44CD-BD5E-53A3A9319A38}.Debug|Any CPU.Build.0 = Debug|iPhoneSimulator
		{81C0CD12-0CCC-44CD-BD5E-53A3A9319A38}.Debug|iPhone.ActiveCfg = Debug|iPhone
		{81C0CD12-0CCC-44CD-BD5E-53A3A9319A38}.Debug|iPhone.Build.0 = Debug|iPhone
		{81C0CD12-0CCC-44CD-BD5E-53A3A9319A38}.Debug|iPhoneSimulator.ActiveCfg = Debug|iPhoneSimulator
		{81C0CD12-0CCC-44CD-BD5E-53A3A9319A38}.Debug|iPhoneSimulator.Build.0 = Debug|iPhoneSimulator
		{81C0CD12-0CCC-44CD-BD5E-53A3A9319A38}.Release|Any CPU.ActiveCfg = Release|iPhone
		{81C0CD12-0CCC-44CD-BD5E-53A3A9319A38}.Release|Any CPU.Build.0 = Release|iPhone
		{81C0CD12-0CCC-44CD-BD5E-53A3A9319A38}.Release|iPhone.ActiveCfg = Release|iPhone
		{81C0CD12-0CCC-44CD-BD5E-53A3A9319A38}.Release|iPhone.Build.0 = Release|iPhone
		{81C0CD12-0CCC-44CD-BD5E-53A3A9319A38}.Release|iPhoneSimulator.ActiveCfg = Release|iPhoneSimulator
		{81C0CD12-0CCC-44CD-BD5E-53A3A9319A38}.Release|iPhoneSimulator.Build.0 = Release|iPhoneSimulator
		{C8C98CB8-3BDC-446D-8113-086EF21C1FD7}.Debug|Any CPU.ActiveCfg = Debug|Any CPU
		{C8C98CB8-3BDC-446D-8113-086EF21C1FD7}.Debug|Any CPU.Build.0 = Debug|Any CPU
		{C8C98CB8-3BDC-446D-8113-086EF21C1FD7}.Debug|iPhone.ActiveCfg = Debug|Any CPU
		{C8C98CB8-3BDC-446D-8113-086EF21C1FD7}.Debug|iPhone.Build.0 = Debug|Any CPU
		{C8C98CB8-3BDC-446D-8113-086EF21C1FD7}.Debug|iPhoneSimulator.ActiveCfg = Debug|Any CPU
		{C8C98CB8-3BDC-446D-8113-086EF21C1FD7}.Debug|iPhoneSimulator.Build.0 = Debug|Any CPU
		{C8C98CB8-3BDC-446D-8113-086EF21C1FD7}.Release|Any CPU.ActiveCfg = Release|Any CPU
		{C8C98CB8-3BDC-446D-8113-086EF21C1FD7}.Release|Any CPU.Build.0 = Release|Any CPU
		{C8C98CB8-3BDC-446D-8113-086EF21C1FD7}.Release|iPhone.ActiveCfg = Release|Any CPU
		{C8C98CB8-3BDC-446D-8113-086EF21C1FD7}.Release|iPhone.Build.0 = Release|Any CPU
		{C8C98CB8-3BDC-446D-8113-086EF21C1FD7}.Release|iPhoneSimulator.ActiveCfg = Release|Any CPU
		{C8C98CB8-3BDC-446D-8113-086EF21C1FD7}.Release|iPhoneSimulator.Build.0 = Release|Any CPU
		{F85666C1-4A8D-46A8-91EF-211814F70380}.Debug|Any CPU.ActiveCfg = Debug|Any CPU
		{F85666C1-4A8D-46A8-91EF-211814F70380}.Debug|Any CPU.Build.0 = Debug|Any CPU
		{F85666C1-4A8D-46A8-91EF-211814F70380}.Debug|iPhone.ActiveCfg = Debug|Any CPU
		{F85666C1-4A8D-46A8-91EF-211814F70380}.Debug|iPhone.Build.0 = Debug|Any CPU
		{F85666C1-4A8D-46A8-91EF-211814F70380}.Debug|iPhoneSimulator.ActiveCfg = Debug|Any CPU
		{F85666C1-4A8D-46A8-91EF-211814F70380}.Debug|iPhoneSimulator.Build.0 = Debug|Any CPU
		{F85666C1-4A8D-46A8-91EF-211814F70380}.Release|Any CPU.ActiveCfg = Release|Any CPU
		{F85666C1-4A8D-46A8-91EF-211814F70380}.Release|Any CPU.Build.0 = Release|Any CPU
		{F85666C1-4A8D-46A8-91EF-211814F70380}.Release|iPhone.ActiveCfg = Release|Any CPU
		{F85666C1-4A8D-46A8-91EF-211814F70380}.Release|iPhone.Build.0 = Release|Any CPU
		{F85666C1-4A8D-46A8-91EF-211814F70380}.Release|iPhoneSimulator.ActiveCfg = Release|Any CPU
		{F85666C1-4A8D-46A8-91EF-211814F70380}.Release|iPhoneSimulator.Build.0 = Release|Any CPU
	EndGlobalSection
EndGlobal
